github.com/Rakiiii/goBipartitonLocalSearch v0.5.0 h1:7KIFzC7baSEA1h2lSFXIK2Uhmf1elAsJBxBlwNHKRTA=
github.com/Rakiiii/goBipartitonLocalSearch v0.5.0/go.mod h1:HHF43kZA8LuWfwqHutxAua+0uQiYB6GPQ4W9YMC4Vhw=
github.com/Rakiiii/goBipartitonLocalSearch v0.5.1 h1:6jatNL5gYPzDcDz/06oi1Sb54SAyBArN3VqnxpXxkAg=
github.com/Rakiiii/goBipartitonLocalSearch v0.5.1/go.mod h1:HHF43kZA8LuWfwqHutxAua+0uQiYB6GPQ4W9YMC4Vhw=
github.com/Rakiiii/goBipartitonLocalSearch v0.5.2 h1:hc+lzrPh4iZOYggLEtoHwfC16i1B302g82kiPFpfavQ=
github.com/Rakiiii/goBipartitonLocalSearch v0.5.2/go.mod h1:Linmf+HYOwxhQFscf5lZWDuJZFrfiAUnx2bHTR+VwJM=
github.com/Rakiiii/goBipartitonLocalSearch v0.5.3 h1:Cy03HD1J7dPevjxLXOANrTW96O2ZALF6AlMs/FbzqOw=
github.com/Rakiiii/goBipartitonLocalSearch v0.5.3/go.mod h1:Linmf+HYOwxhQFscf5lZWDuJZFrfiAUnx2bHTR+VwJM=
github.com/Rakiiii/goBipartitonLocalSearch v0.5.5 h1:Yq1LP8IETVzmcv5kzS5vReJQZ2gTiNzyv6yvpJ5l3kI=
github.com/Rakiiii/goBipartitonLocalSearch v0.5.5/go.mod h1:pk2c62DBilpxilTjpbaAjbyIOC2YOCKO2CW0/R1fP1A=
github.com/Rakiiii/goGraph v0.2.4 h1:lR6LyuVySOCb25rWZBr/XXPPS7KIaPuO8JjJ2xD3PhM=
github.com/Rakiiii/goGraph v0.2.4/go.mod h1:bYAV6bGI3W/Q2pbO8wpCVywSbfjNNbvQ41WEdop3YAI=
github.com/Rakiiii/goGraph v0.3.0 h1:uQ+34dDdDgTXBFt7jsCjyq3DdXOYXi5hijE7r2B40Ds=
github.com/Rakiiii/goGraph v0.3.0/go.mod h1:KvIo/2YIIHJOCeMhZrVkymK9s2PSsjUJ3zh0EOEy1yU=
github.com/Rakiiii/goGraph v0.3.1 h1:KzwaZu5ljzS607b6jS2BttNwixFn3WUQj1cqD4v1J8M=
github.com/Rakiiii/goGraph v0.3.1/go.mod h1:KvIo/2YIIHJOCeMhZrVkymK9s2PSsjUJ3zh0EOEy1yU=
github.com/Rakiiii/goPair v0.0.2/go.mod h1:Jjb6f/SlM8GV5ySxvfySDs8UCOjtx5CJtmUoffpLD9I=
github.com/Rakiiii/goPair v0.0.3 h1:96VjJnyvRpueXMZdnZ5HDOJdFO3mNOpCYsxTzIdpq8M=
github.com/Rakiiii/goPair v0.0.3/go.mod h1:Jjb6f/SlM8GV5ySxvfySDs8UCOjtx5CJtmUoffpLD9I=
github.com/Rakiiii/goSort v0.0.1/go.mod h1:ir50upjpORk43rGVd9Kt43JRoCWmtWiLmqEKnmO3EPw=
github.com/Rakiiii/goSort v0.0.3 h1:s2wswcUQWi1d24UOPJ+w2YgmDHa9bDXn46JOi0dI1D0=
github.com/Rakiiii/goSort v0.0.3/go.mod h1:ir50upjpORk43rGVd9Kt43JRoCWmtWiLmqEKnmO3EPw=
github.com/Rakiiii/goTuple v0.0.3 h1:4NyV0GzKmNbq1i8TeMFFXYieqzKZ7nJ226GA37xKYj8=
github.com/Rakiiii/goTuple v0.0.3/go.mod h1:Rd9At49hIzWGStrhTKHdtZZOSY6z6w6kMEJFfRja3Uw=
